
Microsoft Visual Studio Solution File, Format Version 12.00
# Visual Studio Version 17
VisualStudioVersion = 17.6.33712.159
MinimumVisualStudioVersion = 10.0.40219.1
Project("{FAE04EC0-301F-11D3-BF4B-00C04F79EFBC}") = "CordilleraMVC", "CordilleraMVC\CordilleraMVC.csproj", "{66884255-C6A4-43E1-98CF-990F4EB02D4C}"
EndProject
Global
	GlobalSection(SolutionConfigurationPlatforms) = preSolution
		Debug|Any CPU = Debug|Any CPU
		Release|Any CPU = Release|Any CPU
	EndGlobalSection
	GlobalSection(ProjectConfigurationPlatforms) = postSolution
		{66884255-C6A4-43E1-98CF-990F4EB02D4C}.Debug|Any CPU.ActiveCfg = Debug|Any CPU
		{66884255-C6A4-43E1-98CF-990F4EB02D4C}.Debug|Any CPU.Build.0 = Debug|Any CPU
		{66884255-C6A4-43E1-98CF-990F4EB02D4C}.Release|Any CPU.ActiveCfg = Release|Any CPU
		{66884255-C6A4-43E1-98CF-990F4EB02D4C}.Release|Any CPU.Build.0 = Release|Any CPU
	EndGlobalSection
	GlobalSection(SolutionProperties) = preSolution
		HideSolutionNode = FALSE
	EndGlobalSection
	GlobalSection(ExtensibilityGlobals) = postSolution
		SolutionGuid = {D0F0835D-4D4E-47DB-A747-3C779E132C33}
	EndGlobalSection
EndGlobal
